
Microsoft Visual Studio Solution File, Format Version 12.00
# Visual Studio Version 16
VisualStudioVersion = 25.0.1706.8
MinimumVisualStudioVersion = 10.0.40219.1
Project("{FAE04EC0-301F-11D3-BF4B-00C04F79EFBC}") = "PDF_OCR_Parser", "PDF_OCR_Parser.csproj", "{ACD050C9-2D63-47CF-9DBD-659092ECA6F3}"
EndProject
Global
	GlobalSection(SolutionConfigurationPlatforms) = preSolution
		Debug|Any CPU = Debug|Any CPU
		Release|Any CPU = Release|Any CPU
	EndGlobalSection
	GlobalSection(ProjectConfigurationPlatforms) = postSolution
		{ACD050C9-2D63-47CF-9DBD-659092ECA6F3}.Debug|Any CPU.ActiveCfg = Debug|Any CPU
		{ACD050C9-2D63-47CF-9DBD-659092ECA6F3}.Debug|Any CPU.Build.0 = Debug|Any CPU
		{ACD050C9-2D63-47CF-9DBD-659092ECA6F3}.Release|Any CPU.ActiveCfg = Release|Any CPU
		{ACD050C9-2D63-47CF-9DBD-659092ECA6F3}.Release|Any CPU.Build.0 = Release|Any CPU
	EndGlobalSection
	GlobalSection(SolutionProperties) = preSolution
		HideSolutionNode = FALSE
	EndGlobalSection
	GlobalSection(ExtensibilityGlobals) = postSolution
		SolutionGuid = {21033E5E-B97E-41D9-B2B5-E8D6D9B2200C}
	EndGlobalSection
EndGlobal
